<Solution>
  <Folder Name="/Core/">
    <Project Path="Core/PlatformManager.Core.Domain/PlatformManager.Core.Domain.csproj" />
    <Project Path="Core/PlatformManager.Core.Application/PlatformManager.Core.Application.csproj" />
    <Project Path="Core/PlatformManager.Core.Infrastructure/PlatformManager.Core.Infrastructure.csproj" />
  </Folder>
  <Project Path="PlatformManager.Api/PlatformManager.Api.csproj" />
  <Folder Name="/Tests/">
    <Project Path="Tests/PlatformManager.ArchTests/PlatformManager.ArchTests.csproj" />
    <Project Path="Tests/PlatformManager.Core.UnitTests/PlatformManager.Core.UnitTests.csproj" />
    <Project Path="Tests/PlatformManager.Core.IntegrationTests/PlatformManager.Core.IntegrationTests.csproj" />
  </Folder>
</Solution>
